
Microsoft Visual Studio Solution File, Format Version 12.00
# Visual Studio Version 17
VisualStudioVersion = 17.2.32516.85
MinimumVisualStudioVersion = 10.0.40219.1
Project("{FAE04EC0-301F-11D3-BF4B-00C04F79EFBC}") = "DebugUtilites", "DebugUtilites\DebugUtilites.csproj", "{1F365C37-EAD0-409E-9245-E9F07EC0C58C}"
EndProject
Global
	GlobalSection(SolutionConfigurationPlatforms) = preSolution
		Debug|Any CPU = Debug|Any CPU
		Release|Any CPU = Release|Any CPU
	EndGlobalSection
	GlobalSection(ProjectConfigurationPlatforms) = postSolution
		{1F365C37-EAD0-409E-9245-E9F07EC0C58C}.Debug|Any CPU.ActiveCfg = Debug|Any CPU
		{1F365C37-EAD0-409E-9245-E9F07EC0C58C}.Debug|Any CPU.Build.0 = Debug|Any CPU
		{1F365C37-EAD0-409E-9245-E9F07EC0C58C}.Release|Any CPU.ActiveCfg = Release|Any CPU
		{1F365C37-EAD0-409E-9245-E9F07EC0C58C}.Release|Any CPU.Build.0 = Release|Any CPU
	EndGlobalSection
	GlobalSection(SolutionProperties) = preSolution
		HideSolutionNode = FALSE
	EndGlobalSection
	GlobalSection(ExtensibilityGlobals) = postSolution
		SolutionGuid = {7A127397-476E-499B-B516-49DB72A7F16D}
	EndGlobalSection
EndGlobal
