
Microsoft Visual Studio Solution File, Format Version 12.00
# Visual Studio Version 17
VisualStudioVersion = 17.2.32516.85
MinimumVisualStudioVersion = 10.0.40219.1
Project("{FAE04EC0-301F-11D3-BF4B-00C04F79EFBC}") = "ChemicalFormulas", "ChemicalFormulas\ChemicalFormulas.csproj", "{A0C635C6-ACE9-45A0-BE8F-941C50EBCE67}"
EndProject
Global
	GlobalSection(SolutionConfigurationPlatforms) = preSolution
		Debug|Any CPU = Debug|Any CPU
		Release|Any CPU = Release|Any CPU
	EndGlobalSection
	GlobalSection(ProjectConfigurationPlatforms) = postSolution
		{A0C635C6-ACE9-45A0-BE8F-941C50EBCE67}.Debug|Any CPU.ActiveCfg = Debug|Any CPU
		{A0C635C6-ACE9-45A0-BE8F-941C50EBCE67}.Debug|Any CPU.Build.0 = Debug|Any CPU
		{A0C635C6-ACE9-45A0-BE8F-941C50EBCE67}.Release|Any CPU.ActiveCfg = Release|Any CPU
		{A0C635C6-ACE9-45A0-BE8F-941C50EBCE67}.Release|Any CPU.Build.0 = Release|Any CPU
	EndGlobalSection
	GlobalSection(SolutionProperties) = preSolution
		HideSolutionNode = FALSE
	EndGlobalSection
	GlobalSection(ExtensibilityGlobals) = postSolution
		SolutionGuid = {D1D7270E-A8EA-46FE-B7CD-9D1013B9FEA4}
	EndGlobalSection
EndGlobal
