
Microsoft Visual Studio Solution File, Format Version 12.00
# Visual Studio Version 17
VisualStudioVersion = 17.2.32516.85
MinimumVisualStudioVersion = 10.0.40219.1
Project("{9A19103F-16F7-4668-BE54-9A1E7A4F7556}") = "ChemicalApp", "ChemicalApp\ChemicalApp.csproj", "{1841D7ED-04B2-4897-BA87-68F02BA3BA2E}"
EndProject
Project("{9A19103F-16F7-4668-BE54-9A1E7A4F7556}") = "ChemicalFormulas", "..\ChemicalFormulas\ChemicalFormulas\ChemicalFormulas.csproj", "{83E88839-C44F-4305-8A2A-DB5943632425}"
EndProject
Project("{9A19103F-16F7-4668-BE54-9A1E7A4F7556}") = "MathMainFormulas", "..\MathMainFormulas\MathMainFormulas\MathMainFormulas.csproj", "{6A42D72D-9269-48BB-A054-A2C064476737}"
EndProject
Global
	GlobalSection(SolutionConfigurationPlatforms) = preSolution
		Debug|Any CPU = Debug|Any CPU
		Release|Any CPU = Release|Any CPU
	EndGlobalSection
	GlobalSection(ProjectConfigurationPlatforms) = postSolution
		{1841D7ED-04B2-4897-BA87-68F02BA3BA2E}.Debug|Any CPU.ActiveCfg = Debug|Any CPU
		{1841D7ED-04B2-4897-BA87-68F02BA3BA2E}.Debug|Any CPU.Build.0 = Debug|Any CPU
		{1841D7ED-04B2-4897-BA87-68F02BA3BA2E}.Release|Any CPU.ActiveCfg = Release|Any CPU
		{1841D7ED-04B2-4897-BA87-68F02BA3BA2E}.Release|Any CPU.Build.0 = Release|Any CPU
		{83E88839-C44F-4305-8A2A-DB5943632425}.Debug|Any CPU.ActiveCfg = Debug|Any CPU
		{83E88839-C44F-4305-8A2A-DB5943632425}.Debug|Any CPU.Build.0 = Debug|Any CPU
		{83E88839-C44F-4305-8A2A-DB5943632425}.Release|Any CPU.ActiveCfg = Release|Any CPU
		{83E88839-C44F-4305-8A2A-DB5943632425}.Release|Any CPU.Build.0 = Release|Any CPU
		{6A42D72D-9269-48BB-A054-A2C064476737}.Debug|Any CPU.ActiveCfg = Debug|Any CPU
		{6A42D72D-9269-48BB-A054-A2C064476737}.Debug|Any CPU.Build.0 = Debug|Any CPU
		{6A42D72D-9269-48BB-A054-A2C064476737}.Release|Any CPU.ActiveCfg = Release|Any CPU
		{6A42D72D-9269-48BB-A054-A2C064476737}.Release|Any CPU.Build.0 = Release|Any CPU
	EndGlobalSection
	GlobalSection(SolutionProperties) = preSolution
		HideSolutionNode = FALSE
	EndGlobalSection
	GlobalSection(ExtensibilityGlobals) = postSolution
		SolutionGuid = {94FE02C9-18FB-4253-B18D-892F5DF6AC06}
	EndGlobalSection
EndGlobal
