
Microsoft Visual Studio Solution File, Format Version 12.00
# Visual Studio Version 17
VisualStudioVersion = 17.2.32516.85
MinimumVisualStudioVersion = 10.0.40219.1
Project("{9A19103F-16F7-4668-BE54-9A1E7A4F7556}") = "ChemicalLibrary", "ChemicalLibrary\ChemicalLibrary.csproj", "{516B51FE-9B86-442A-A664-3D985AECD74F}"
EndProject
Project("{9A19103F-16F7-4668-BE54-9A1E7A4F7556}") = "ChemicalFormulas", "ChemicalFormulas\ChemicalFormulas\ChemicalFormulas.csproj", "{D04A772E-90D1-4733-BD57-C78A91D90B00}"
EndProject
Project("{9A19103F-16F7-4668-BE54-9A1E7A4F7556}") = "DebugUtilites", "DebugUtilites\DebugUtilites\DebugUtilites.csproj", "{ED651992-16CC-40A2-A210-51182FCF4D20}"
EndProject
Project("{9A19103F-16F7-4668-BE54-9A1E7A4F7556}") = "MathMainFormulas", "MathMainFormulas\MathMainFormulas\MathMainFormulas.csproj", "{A7E30A08-F729-42D5-B01F-BEF0DEAE1CF5}"
EndProject
Project("{FAE04EC0-301F-11D3-BF4B-00C04F79EFBC}") = "DataBaseLibrary", "DataBaseLibrary\DataBaseLibrary.csproj", "{A7BCECD2-74ED-4C58-A114-511C03DC8AE9}"
EndProject
Global
	GlobalSection(SolutionConfigurationPlatforms) = preSolution
		Debug|Any CPU = Debug|Any CPU
		Release|Any CPU = Release|Any CPU
	EndGlobalSection
	GlobalSection(ProjectConfigurationPlatforms) = postSolution
		{516B51FE-9B86-442A-A664-3D985AECD74F}.Debug|Any CPU.ActiveCfg = Debug|Any CPU
		{516B51FE-9B86-442A-A664-3D985AECD74F}.Debug|Any CPU.Build.0 = Debug|Any CPU
		{516B51FE-9B86-442A-A664-3D985AECD74F}.Release|Any CPU.ActiveCfg = Release|Any CPU
		{516B51FE-9B86-442A-A664-3D985AECD74F}.Release|Any CPU.Build.0 = Release|Any CPU
		{D04A772E-90D1-4733-BD57-C78A91D90B00}.Debug|Any CPU.ActiveCfg = Debug|Any CPU
		{D04A772E-90D1-4733-BD57-C78A91D90B00}.Debug|Any CPU.Build.0 = Debug|Any CPU
		{D04A772E-90D1-4733-BD57-C78A91D90B00}.Release|Any CPU.ActiveCfg = Release|Any CPU
		{D04A772E-90D1-4733-BD57-C78A91D90B00}.Release|Any CPU.Build.0 = Release|Any CPU
		{ED651992-16CC-40A2-A210-51182FCF4D20}.Debug|Any CPU.ActiveCfg = Debug|Any CPU
		{ED651992-16CC-40A2-A210-51182FCF4D20}.Debug|Any CPU.Build.0 = Debug|Any CPU
		{ED651992-16CC-40A2-A210-51182FCF4D20}.Release|Any CPU.ActiveCfg = Release|Any CPU
		{ED651992-16CC-40A2-A210-51182FCF4D20}.Release|Any CPU.Build.0 = Release|Any CPU
		{A7E30A08-F729-42D5-B01F-BEF0DEAE1CF5}.Debug|Any CPU.ActiveCfg = Debug|Any CPU
		{A7E30A08-F729-42D5-B01F-BEF0DEAE1CF5}.Debug|Any CPU.Build.0 = Debug|Any CPU
		{A7E30A08-F729-42D5-B01F-BEF0DEAE1CF5}.Release|Any CPU.ActiveCfg = Release|Any CPU
		{A7E30A08-F729-42D5-B01F-BEF0DEAE1CF5}.Release|Any CPU.Build.0 = Release|Any CPU
		{A7BCECD2-74ED-4C58-A114-511C03DC8AE9}.Debug|Any CPU.ActiveCfg = Debug|Any CPU
		{A7BCECD2-74ED-4C58-A114-511C03DC8AE9}.Debug|Any CPU.Build.0 = Debug|Any CPU
		{A7BCECD2-74ED-4C58-A114-511C03DC8AE9}.Release|Any CPU.ActiveCfg = Release|Any CPU
		{A7BCECD2-74ED-4C58-A114-511C03DC8AE9}.Release|Any CPU.Build.0 = Release|Any CPU
	EndGlobalSection
	GlobalSection(SolutionProperties) = preSolution
		HideSolutionNode = FALSE
	EndGlobalSection
	GlobalSection(ExtensibilityGlobals) = postSolution
		SolutionGuid = {C067392A-B805-4982-8237-066E2BF7AD11}
	EndGlobalSection
EndGlobal
